
Microsoft Visual Studio Solution File, Format Version 12.00
# Visual Studio Version 17
VisualStudioVersion = 17.14.36109.1
MinimumVisualStudioVersion = 10.0.40219.1
Project("{FAE04EC0-301F-11D3-BF4B-00C04F79EFBC}") = "AskData.Core", "AskData.Core\AskData.Core.csproj", "{5CBE46EC-797A-499C-AEC0-9368C2326841}"
EndProject
Project("{FAE04EC0-301F-11D3-BF4B-00C04F79EFBC}") = "AskData.KernelMemory.CLI", "AskData.KernelMemory.CLI\AskData.KernelMemory.CLI.csproj", "{4F94222B-918F-419A-9FE9-DD4765F4173D}"
EndProject
Project("{FAE04EC0-301F-11D3-BF4B-00C04F79EFBC}") = "AskData.KernelMemory", "AskData.KernelMemory\AskData.KernelMemory.csproj", "{3B315A69-A24E-46C8-B0B2-4F2D203CCE4F}"
EndProject
Project("{FAE04EC0-301F-11D3-BF4B-00C04F79EFBC}") = "AskData.MCPServer", "AskData.MCPServer\AskData.MCPServer.csproj", "{7FE096AE-F727-4E3F-9097-BAE787DDC5F5}"
EndProject
Project("{FAE04EC0-301F-11D3-BF4B-00C04F79EFBC}") = "AskData.MCPServer.UnitTests", "AskData.MCPServer.UnitTests\AskData.MCPServer.UnitTests.csproj", "{2653EB2A-5C4A-4320-92FE-F0ABD6BAE7E2}"
EndProject
Global
	GlobalSection(SolutionConfigurationPlatforms) = preSolution
		Debug|Any CPU = Debug|Any CPU
		Release|Any CPU = Release|Any CPU
	EndGlobalSection
	GlobalSection(ProjectConfigurationPlatforms) = postSolution
		{5CBE46EC-797A-499C-AEC0-9368C2326841}.Debug|Any CPU.ActiveCfg = Debug|Any CPU
		{5CBE46EC-797A-499C-AEC0-9368C2326841}.Debug|Any CPU.Build.0 = Debug|Any CPU
		{5CBE46EC-797A-499C-AEC0-9368C2326841}.Release|Any CPU.ActiveCfg = Release|Any CPU
		{5CBE46EC-797A-499C-AEC0-9368C2326841}.Release|Any CPU.Build.0 = Release|Any CPU
		{4F94222B-918F-419A-9FE9-DD4765F4173D}.Debug|Any CPU.ActiveCfg = Debug|Any CPU
		{4F94222B-918F-419A-9FE9-DD4765F4173D}.Debug|Any CPU.Build.0 = Debug|Any CPU
		{4F94222B-918F-419A-9FE9-DD4765F4173D}.Release|Any CPU.ActiveCfg = Release|Any CPU
		{4F94222B-918F-419A-9FE9-DD4765F4173D}.Release|Any CPU.Build.0 = Release|Any CPU
		{3B315A69-A24E-46C8-B0B2-4F2D203CCE4F}.Debug|Any CPU.ActiveCfg = Debug|Any CPU
		{3B315A69-A24E-46C8-B0B2-4F2D203CCE4F}.Debug|Any CPU.Build.0 = Debug|Any CPU
		{3B315A69-A24E-46C8-B0B2-4F2D203CCE4F}.Release|Any CPU.ActiveCfg = Release|Any CPU
		{3B315A69-A24E-46C8-B0B2-4F2D203CCE4F}.Release|Any CPU.Build.0 = Release|Any CPU
		{7FE096AE-F727-4E3F-9097-BAE787DDC5F5}.Debug|Any CPU.ActiveCfg = Debug|Any CPU
		{7FE096AE-F727-4E3F-9097-BAE787DDC5F5}.Debug|Any CPU.Build.0 = Debug|Any CPU
		{7FE096AE-F727-4E3F-9097-BAE787DDC5F5}.Release|Any CPU.ActiveCfg = Release|Any CPU
		{7FE096AE-F727-4E3F-9097-BAE787DDC5F5}.Release|Any CPU.Build.0 = Release|Any CPU
		{2653EB2A-5C4A-4320-92FE-F0ABD6BAE7E2}.Debug|Any CPU.ActiveCfg = Debug|Any CPU
		{2653EB2A-5C4A-4320-92FE-F0ABD6BAE7E2}.Debug|Any CPU.Build.0 = Debug|Any CPU
		{2653EB2A-5C4A-4320-92FE-F0ABD6BAE7E2}.Release|Any CPU.ActiveCfg = Release|Any CPU
		{2653EB2A-5C4A-4320-92FE-F0ABD6BAE7E2}.Release|Any CPU.Build.0 = Release|Any CPU
	EndGlobalSection
	GlobalSection(SolutionProperties) = preSolution
		HideSolutionNode = FALSE
	EndGlobalSection
	GlobalSection(ExtensibilityGlobals) = postSolution
		SolutionGuid = {0D294938-ED38-4162-97C3-CA605CFDCDB5}
	EndGlobalSection
EndGlobal
